
Microsoft Visual Studio Solution File, Format Version 12.00
# Visual Studio 15
VisualStudioVersion = 15.0.28010.2016
MinimumVisualStudioVersion = 10.0.40219.1
Project("{FAE04EC0-301F-11D3-BF4B-00C04F79EFBC}") = "HardwareSupportDocuments", "HardwareSupportDocuments\HardwareSupportDocuments.csproj", "{D7A4887D-4F56-45D5-93C9-75D3F893EAAC}"
EndProject
Project("{FAE04EC0-301F-11D3-BF4B-00C04F79EFBC}") = "HardwareSupportDocuments.Tests", "HardwareSupportDocuments.Tests\HardwareSupportDocuments.Tests.csproj", "{3B287AC1-6D48-4C9B-AD31-23D75745D37A}"
EndProject
Global
	GlobalSection(SolutionConfigurationPlatforms) = preSolution
		Debug|Any CPU = Debug|Any CPU
		Release|Any CPU = Release|Any CPU
	EndGlobalSection
	GlobalSection(ProjectConfigurationPlatforms) = postSolution
		{D7A4887D-4F56-45D5-93C9-75D3F893EAAC}.Debug|Any CPU.ActiveCfg = Debug|Any CPU
		{D7A4887D-4F56-45D5-93C9-75D3F893EAAC}.Debug|Any CPU.Build.0 = Debug|Any CPU
		{D7A4887D-4F56-45D5-93C9-75D3F893EAAC}.Release|Any CPU.ActiveCfg = Release|Any CPU
		{D7A4887D-4F56-45D5-93C9-75D3F893EAAC}.Release|Any CPU.Build.0 = Release|Any CPU
		{3B287AC1-6D48-4C9B-AD31-23D75745D37A}.Debug|Any CPU.ActiveCfg = Debug|Any CPU
		{3B287AC1-6D48-4C9B-AD31-23D75745D37A}.Debug|Any CPU.Build.0 = Debug|Any CPU
		{3B287AC1-6D48-4C9B-AD31-23D75745D37A}.Release|Any CPU.ActiveCfg = Release|Any CPU
		{3B287AC1-6D48-4C9B-AD31-23D75745D37A}.Release|Any CPU.Build.0 = Release|Any CPU
	EndGlobalSection
	GlobalSection(SolutionProperties) = preSolution
		HideSolutionNode = FALSE
	EndGlobalSection
	GlobalSection(ExtensibilityGlobals) = postSolution
		SolutionGuid = {C9B51CEE-112E-40F9-BF38-17D4253402BD}
	EndGlobalSection
EndGlobal
